
Microsoft Visual Studio Solution File, Format Version 12.00
# Visual Studio Version 17
VisualStudioVersion = 17.5.33530.505
MinimumVisualStudioVersion = 10.0.40219.1
Project("{FAE04EC0-301F-11D3-BF4B-00C04F79EFBC}") = "GitHubMonitorApp", "GitHubMonitorApp\GitHubMonitorApp.csproj", "{4E8BA35F-4D94-478F-992E-C417164A6E98}"
EndProject
Global
	GlobalSection(SolutionConfigurationPlatforms) = preSolution
		Debug|Any CPU = Debug|Any CPU
		Release|Any CPU = Release|Any CPU
	EndGlobalSection
	GlobalSection(ProjectConfigurationPlatforms) = postSolution
		{4E8BA35F-4D94-478F-992E-C417164A6E98}.Debug|Any CPU.ActiveCfg = Debug|Any CPU
		{4E8BA35F-4D94-478F-992E-C417164A6E98}.Debug|Any CPU.Build.0 = Debug|Any CPU
		{4E8BA35F-4D94-478F-992E-C417164A6E98}.Release|Any CPU.ActiveCfg = Release|Any CPU
		{4E8BA35F-4D94-478F-992E-C417164A6E98}.Release|Any CPU.Build.0 = Release|Any CPU
	EndGlobalSection
	GlobalSection(SolutionProperties) = preSolution
		HideSolutionNode = FALSE
	EndGlobalSection
	GlobalSection(ExtensibilityGlobals) = postSolution
		SolutionGuid = {BA0E765E-A214-43AB-A21E-717D80073C68}
	EndGlobalSection
EndGlobal
